
Microsoft Visual Studio Solution File, Format Version 12.00
# Visual Studio Version 17
VisualStudioVersion = 17.7.34031.279
MinimumVisualStudioVersion = 10.0.40219.1
Project("{FAE04EC0-301F-11D3-BF4B-00C04F79EFBC}") = "Entity Framework Attributes vs Fluent", "Entity Framework Attributes vs Fluent\Entity Framework Attributes vs Fluent.csproj", "{06DD482E-FB85-404D-8327-7C1E11D49DE9}"
EndProject
Global
	GlobalSection(SolutionConfigurationPlatforms) = preSolution
		Debug|Any CPU = Debug|Any CPU
		Release|Any CPU = Release|Any CPU
	EndGlobalSection
	GlobalSection(ProjectConfigurationPlatforms) = postSolution
		{06DD482E-FB85-404D-8327-7C1E11D49DE9}.Debug|Any CPU.ActiveCfg = Debug|Any CPU
		{06DD482E-FB85-404D-8327-7C1E11D49DE9}.Debug|Any CPU.Build.0 = Debug|Any CPU
		{06DD482E-FB85-404D-8327-7C1E11D49DE9}.Release|Any CPU.ActiveCfg = Release|Any CPU
		{06DD482E-FB85-404D-8327-7C1E11D49DE9}.Release|Any CPU.Build.0 = Release|Any CPU
	EndGlobalSection
	GlobalSection(SolutionProperties) = preSolution
		HideSolutionNode = FALSE
	EndGlobalSection
	GlobalSection(ExtensibilityGlobals) = postSolution
		SolutionGuid = {98D63E1E-8338-42AB-860F-DBB07E9F8A38}
	EndGlobalSection
EndGlobal
